
Microsoft Visual Studio Solution File, Format Version 12.00
Project("{FAE04EC0-301F-11D3-BF4B-00C04F79EFBC}") = "2023", "2023\2023.csproj", "{D45EA796-A99B-48C2-A880-54CDFCCD34E8}"
EndProject
Project("{FAE04EC0-301F-11D3-BF4B-00C04F79EFBC}") = "2022", "2022\2022.csproj", "{08DA8052-95E3-4DE1-BF5A-2008F210166B}"
EndProject
Project("{FAE04EC0-301F-11D3-BF4B-00C04F79EFBC}") = "2021", "2021\src\test\csharp\2021.csproj", "{F969558D-9BAC-4010-BA3D-6EE4F019C694}"
EndProject
Project("{FAE04EC0-301F-11D3-BF4B-00C04F79EFBC}") = "2020", "2020\2020.csproj", "{99914165-94C0-474F-9B11-F6FACBF7BED9}"
EndProject
Project("{FAE04EC0-301F-11D3-BF4B-00C04F79EFBC}") = "2019-20", "2019-20\2019-20.csproj", "{3AB9F181-2614-457D-8CA2-AA9620026F43}"
EndProject
Project("{FAE04EC0-301F-11D3-BF4B-00C04F79EFBC}") = "2024", "2024\2024.csproj", "{B12A2E1A-3920-4FE5-A167-9F292AED74D9}"
EndProject
Project("{FAE04EC0-301F-11D3-BF4B-00C04F79EFBC}") = "2025", "2025\2025.csproj", "{07B43BA8-63C1-4A46-A8EF-617A34247432}"
EndProject
Global
	GlobalSection(SolutionConfigurationPlatforms) = preSolution
		Debug|Any CPU = Debug|Any CPU
		Release|Any CPU = Release|Any CPU
	EndGlobalSection
	GlobalSection(ProjectConfigurationPlatforms) = postSolution
		{08DA8052-95E3-4DE1-BF5A-2008F210166B}.Debug|Any CPU.ActiveCfg = Debug|Any CPU
		{08DA8052-95E3-4DE1-BF5A-2008F210166B}.Debug|Any CPU.Build.0 = Debug|Any CPU
		{08DA8052-95E3-4DE1-BF5A-2008F210166B}.Release|Any CPU.ActiveCfg = Release|Any CPU
		{08DA8052-95E3-4DE1-BF5A-2008F210166B}.Release|Any CPU.Build.0 = Release|Any CPU
		{3AB9F181-2614-457D-8CA2-AA9620026F43}.Debug|Any CPU.ActiveCfg = Debug|Any CPU
		{3AB9F181-2614-457D-8CA2-AA9620026F43}.Debug|Any CPU.Build.0 = Debug|Any CPU
		{3AB9F181-2614-457D-8CA2-AA9620026F43}.Release|Any CPU.ActiveCfg = Release|Any CPU
		{3AB9F181-2614-457D-8CA2-AA9620026F43}.Release|Any CPU.Build.0 = Release|Any CPU
		{F969558D-9BAC-4010-BA3D-6EE4F019C694}.Debug|Any CPU.ActiveCfg = Debug|Any CPU
		{F969558D-9BAC-4010-BA3D-6EE4F019C694}.Debug|Any CPU.Build.0 = Debug|Any CPU
		{F969558D-9BAC-4010-BA3D-6EE4F019C694}.Release|Any CPU.ActiveCfg = Release|Any CPU
		{F969558D-9BAC-4010-BA3D-6EE4F019C694}.Release|Any CPU.Build.0 = Release|Any CPU
		{D45EA796-A99B-48C2-A880-54CDFCCD34E8}.Debug|Any CPU.ActiveCfg = Debug|Any CPU
		{D45EA796-A99B-48C2-A880-54CDFCCD34E8}.Debug|Any CPU.Build.0 = Debug|Any CPU
		{D45EA796-A99B-48C2-A880-54CDFCCD34E8}.Release|Any CPU.ActiveCfg = Release|Any CPU
		{D45EA796-A99B-48C2-A880-54CDFCCD34E8}.Release|Any CPU.Build.0 = Release|Any CPU
		{99914165-94C0-474F-9B11-F6FACBF7BED9}.Debug|Any CPU.ActiveCfg = Debug|Any CPU
		{99914165-94C0-474F-9B11-F6FACBF7BED9}.Debug|Any CPU.Build.0 = Debug|Any CPU
		{99914165-94C0-474F-9B11-F6FACBF7BED9}.Release|Any CPU.ActiveCfg = Release|Any CPU
		{99914165-94C0-474F-9B11-F6FACBF7BED9}.Release|Any CPU.Build.0 = Release|Any CPU
		{B12A2E1A-3920-4FE5-A167-9F292AED74D9}.Debug|Any CPU.ActiveCfg = Debug|Any CPU
		{B12A2E1A-3920-4FE5-A167-9F292AED74D9}.Debug|Any CPU.Build.0 = Debug|Any CPU
		{07B43BA8-63C1-4A46-A8EF-617A34247432}.Debug|Any CPU.ActiveCfg = Debug|Any CPU
		{07B43BA8-63C1-4A46-A8EF-617A34247432}.Debug|Any CPU.Build.0 = Debug|Any CPU
		{07B43BA8-63C1-4A46-A8EF-617A34247432}.Release|Any CPU.ActiveCfg = Release|Any CPU
		{07B43BA8-63C1-4A46-A8EF-617A34247432}.Release|Any CPU.Build.0 = Release|Any CPU
	EndGlobalSection
EndGlobal
